
Microsoft Visual Studio Solution File, Format Version 12.00
# Visual Studio Version 17
VisualStudioVersion = 17.3.32825.248
MinimumVisualStudioVersion = 10.0.40219.1
Project("{FAE04EC0-301F-11D3-BF4B-00C04F79EFBC}") = "Harjoitus_Osa3", "Harjoitus_Osa3\Harjoitus_Osa3.csproj", "{7684E2C8-D471-4D2A-9E3B-4B852B92E3D7}"
EndProject
Global
	GlobalSection(SolutionConfigurationPlatforms) = preSolution
		Debug|Any CPU = Debug|Any CPU
		Release|Any CPU = Release|Any CPU
	EndGlobalSection
	GlobalSection(ProjectConfigurationPlatforms) = postSolution
		{7684E2C8-D471-4D2A-9E3B-4B852B92E3D7}.Debug|Any CPU.ActiveCfg = Debug|Any CPU
		{7684E2C8-D471-4D2A-9E3B-4B852B92E3D7}.Debug|Any CPU.Build.0 = Debug|Any CPU
		{7684E2C8-D471-4D2A-9E3B-4B852B92E3D7}.Release|Any CPU.ActiveCfg = Release|Any CPU
		{7684E2C8-D471-4D2A-9E3B-4B852B92E3D7}.Release|Any CPU.Build.0 = Release|Any CPU
	EndGlobalSection
	GlobalSection(SolutionProperties) = preSolution
		HideSolutionNode = FALSE
	EndGlobalSection
	GlobalSection(ExtensibilityGlobals) = postSolution
		SolutionGuid = {1E2DAC08-0F1E-4FF8-A404-C34A946876C3}
	EndGlobalSection
EndGlobal
